
Microsoft Visual Studio Solution File, Format Version 12.00
# Visual Studio 15
VisualStudioVersion = 15.0.28307.539
MinimumVisualStudioVersion = 10.0.40219.1
Project("{9A19103F-16F7-4668-BE54-9A1E7A4F7556}") = "Layer4Stack", "src\Layer4Stack.csproj", "{03C8F97A-6331-44DD-8547-C2792FFBE81C}"
EndProject
Project("{9A19103F-16F7-4668-BE54-9A1E7A4F7556}") = "Layer4StackTest", "test\Layer4StackTest.csproj", "{4F34BAFD-7652-49E9-82AC-B9CB9B230587}"
EndProject
Project("{9A19103F-16F7-4668-BE54-9A1E7A4F7556}") = "Layer4StackCmdDemo", "demo\Layer4StackCmdDemo.csproj", "{F6C96086-31FE-4DA8-8A86-C488E971385F}"
EndProject
Global
	GlobalSection(SolutionConfigurationPlatforms) = preSolution
		Debug|Any CPU = Debug|Any CPU
		Release|Any CPU = Release|Any CPU
	EndGlobalSection
	GlobalSection(ProjectConfigurationPlatforms) = postSolution
		{03C8F97A-6331-44DD-8547-C2792FFBE81C}.Debug|Any CPU.ActiveCfg = Debug|Any CPU
		{03C8F97A-6331-44DD-8547-C2792FFBE81C}.Debug|Any CPU.Build.0 = Debug|Any CPU
		{03C8F97A-6331-44DD-8547-C2792FFBE81C}.Release|Any CPU.ActiveCfg = Release|Any CPU
		{03C8F97A-6331-44DD-8547-C2792FFBE81C}.Release|Any CPU.Build.0 = Release|Any CPU
		{4F34BAFD-7652-49E9-82AC-B9CB9B230587}.Debug|Any CPU.ActiveCfg = Debug|Any CPU
		{4F34BAFD-7652-49E9-82AC-B9CB9B230587}.Debug|Any CPU.Build.0 = Debug|Any CPU
		{4F34BAFD-7652-49E9-82AC-B9CB9B230587}.Release|Any CPU.ActiveCfg = Release|Any CPU
		{4F34BAFD-7652-49E9-82AC-B9CB9B230587}.Release|Any CPU.Build.0 = Release|Any CPU
		{F6C96086-31FE-4DA8-8A86-C488E971385F}.Debug|Any CPU.ActiveCfg = Debug|Any CPU
		{F6C96086-31FE-4DA8-8A86-C488E971385F}.Debug|Any CPU.Build.0 = Debug|Any CPU
		{F6C96086-31FE-4DA8-8A86-C488E971385F}.Release|Any CPU.ActiveCfg = Release|Any CPU
		{F6C96086-31FE-4DA8-8A86-C488E971385F}.Release|Any CPU.Build.0 = Release|Any CPU
	EndGlobalSection
	GlobalSection(SolutionProperties) = preSolution
		HideSolutionNode = FALSE
	EndGlobalSection
	GlobalSection(ExtensibilityGlobals) = postSolution
		SolutionGuid = {38350467-8EF8-4B52-AE60-51A764317865}
	EndGlobalSection
EndGlobal
