
Microsoft Visual Studio Solution File, Format Version 12.00
# Visual Studio 15
VisualStudioVersion = 15.0.27703.2042
MinimumVisualStudioVersion = 10.0.40219.1
Project("{9A19103F-16F7-4668-BE54-9A1E7A4F7556}") = "Layer4StackTest", "Layer4StackTest.csproj", "{907225F5-5344-4616-B519-A5CBB4C4BD81}"
EndProject
Project("{9A19103F-16F7-4668-BE54-9A1E7A4F7556}") = "Layer4Stack", "..\Layer4Stack.csproj", "{6A175D93-5850-45DE-BC29-7274A238650E}"
EndProject
Global
	GlobalSection(SolutionConfigurationPlatforms) = preSolution
		Debug|Any CPU = Debug|Any CPU
		Release|Any CPU = Release|Any CPU
	EndGlobalSection
	GlobalSection(ProjectConfigurationPlatforms) = postSolution
		{907225F5-5344-4616-B519-A5CBB4C4BD81}.Debug|Any CPU.ActiveCfg = Debug|Any CPU
		{907225F5-5344-4616-B519-A5CBB4C4BD81}.Debug|Any CPU.Build.0 = Debug|Any CPU
		{907225F5-5344-4616-B519-A5CBB4C4BD81}.Release|Any CPU.ActiveCfg = Release|Any CPU
		{907225F5-5344-4616-B519-A5CBB4C4BD81}.Release|Any CPU.Build.0 = Release|Any CPU
		{6A175D93-5850-45DE-BC29-7274A238650E}.Debug|Any CPU.ActiveCfg = Debug|Any CPU
		{6A175D93-5850-45DE-BC29-7274A238650E}.Debug|Any CPU.Build.0 = Debug|Any CPU
		{6A175D93-5850-45DE-BC29-7274A238650E}.Release|Any CPU.ActiveCfg = Release|Any CPU
		{6A175D93-5850-45DE-BC29-7274A238650E}.Release|Any CPU.Build.0 = Release|Any CPU
	EndGlobalSection
	GlobalSection(SolutionProperties) = preSolution
		HideSolutionNode = FALSE
	EndGlobalSection
	GlobalSection(ExtensibilityGlobals) = postSolution
		SolutionGuid = {631130A4-8F74-49B6-ADA8-839336B617C6}
	EndGlobalSection
EndGlobal
